
Microsoft Visual Studio Solution File, Format Version 12.00
# Visual Studio Version 16
VisualStudioVersion = 16.0.31727.386
MinimumVisualStudioVersion = 10.0.40219.1
Project("{FAE04EC0-301F-11D3-BF4B-00C04F79EFBC}") = "VisCost3", "VisCost3\VisCost3.csproj", "{584E7C6A-3690-41DB-B7A3-7A11B1F23C03}"
EndProject
Global
	GlobalSection(SolutionConfigurationPlatforms) = preSolution
		Debug|Any CPU = Debug|Any CPU
		Release|Any CPU = Release|Any CPU
	EndGlobalSection
	GlobalSection(ProjectConfigurationPlatforms) = postSolution
		{584E7C6A-3690-41DB-B7A3-7A11B1F23C03}.Debug|Any CPU.ActiveCfg = Debug|Any CPU
		{584E7C6A-3690-41DB-B7A3-7A11B1F23C03}.Debug|Any CPU.Build.0 = Debug|Any CPU
		{584E7C6A-3690-41DB-B7A3-7A11B1F23C03}.Release|Any CPU.ActiveCfg = Release|Any CPU
		{584E7C6A-3690-41DB-B7A3-7A11B1F23C03}.Release|Any CPU.Build.0 = Release|Any CPU
	EndGlobalSection
	GlobalSection(SolutionProperties) = preSolution
		HideSolutionNode = FALSE
	EndGlobalSection
	GlobalSection(ExtensibilityGlobals) = postSolution
		SolutionGuid = {14EA1750-1E80-4BEE-8C52-8CD523FA4132}
	EndGlobalSection
EndGlobal
